
Microsoft Visual Studio Solution File, Format Version 12.00
# Visual Studio Version 16
VisualStudioVersion = 16.0.31702.278
MinimumVisualStudioVersion = 10.0.40219.1
Project("{FAE04EC0-301F-11D3-BF4B-00C04F79EFBC}") = "Emplyers", "Emplyers\Emplyers.csproj", "{AE6E7EED-FFA7-4CF2-BA3C-85AFA66FE4C2}"
EndProject
Global
	GlobalSection(SolutionConfigurationPlatforms) = preSolution
		Debug|Any CPU = Debug|Any CPU
		Release|Any CPU = Release|Any CPU
	EndGlobalSection
	GlobalSection(ProjectConfigurationPlatforms) = postSolution
		{AE6E7EED-FFA7-4CF2-BA3C-85AFA66FE4C2}.Debug|Any CPU.ActiveCfg = Debug|Any CPU
		{AE6E7EED-FFA7-4CF2-BA3C-85AFA66FE4C2}.Debug|Any CPU.Build.0 = Debug|Any CPU
		{AE6E7EED-FFA7-4CF2-BA3C-85AFA66FE4C2}.Release|Any CPU.ActiveCfg = Release|Any CPU
		{AE6E7EED-FFA7-4CF2-BA3C-85AFA66FE4C2}.Release|Any CPU.Build.0 = Release|Any CPU
	EndGlobalSection
	GlobalSection(SolutionProperties) = preSolution
		HideSolutionNode = FALSE
	EndGlobalSection
	GlobalSection(ExtensibilityGlobals) = postSolution
		SolutionGuid = {57F71462-E4B2-4253-8E27-6A3DE63A3A02}
	EndGlobalSection
EndGlobal
